
Microsoft Visual Studio Solution File, Format Version 12.00
# Visual Studio Version 16
VisualStudioVersion = 16.0.30907.101
MinimumVisualStudioVersion = 10.0.40219.1
Project("{FAE04EC0-301F-11D3-BF4B-00C04F79EFBC}") = "MoodAnalyser", "MoodAnalyser\MoodAnalyser.csproj", "{70BC83FF-D621-49F9-8A4E-69A7B47DE5D0}"
EndProject
Global
	GlobalSection(SolutionConfigurationPlatforms) = preSolution
		Debug|Any CPU = Debug|Any CPU
		Release|Any CPU = Release|Any CPU
	EndGlobalSection
	GlobalSection(ProjectConfigurationPlatforms) = postSolution
		{70BC83FF-D621-49F9-8A4E-69A7B47DE5D0}.Debug|Any CPU.ActiveCfg = Debug|Any CPU
		{70BC83FF-D621-49F9-8A4E-69A7B47DE5D0}.Debug|Any CPU.Build.0 = Debug|Any CPU
		{70BC83FF-D621-49F9-8A4E-69A7B47DE5D0}.Release|Any CPU.ActiveCfg = Release|Any CPU
		{70BC83FF-D621-49F9-8A4E-69A7B47DE5D0}.Release|Any CPU.Build.0 = Release|Any CPU
	EndGlobalSection
	GlobalSection(SolutionProperties) = preSolution
		HideSolutionNode = FALSE
	EndGlobalSection
	GlobalSection(ExtensibilityGlobals) = postSolution
		SolutionGuid = {5A3146D9-D900-4A4C-844E-2D5980E4B7E5}
	EndGlobalSection
EndGlobal
